
Microsoft Visual Studio Solution File, Format Version 12.00
# Visual Studio Version 16
VisualStudioVersion = 16.0.29709.97
MinimumVisualStudioVersion = 10.0.40219.1
Project("{FAE04EC0-301F-11D3-BF4B-00C04F79EFBC}") = "quiz-backend", "quiz-backend\quiz-backend.csproj", "{435ABCC2-3FAC-4B05-972C-B9CEFD4DFAEB}"
EndProject
Global
	GlobalSection(SolutionConfigurationPlatforms) = preSolution
		Debug|Any CPU = Debug|Any CPU
		Release|Any CPU = Release|Any CPU
	EndGlobalSection
	GlobalSection(ProjectConfigurationPlatforms) = postSolution
		{435ABCC2-3FAC-4B05-972C-B9CEFD4DFAEB}.Debug|Any CPU.ActiveCfg = Debug|Any CPU
		{435ABCC2-3FAC-4B05-972C-B9CEFD4DFAEB}.Debug|Any CPU.Build.0 = Debug|Any CPU
		{435ABCC2-3FAC-4B05-972C-B9CEFD4DFAEB}.Release|Any CPU.ActiveCfg = Release|Any CPU
		{435ABCC2-3FAC-4B05-972C-B9CEFD4DFAEB}.Release|Any CPU.Build.0 = Release|Any CPU
	EndGlobalSection
	GlobalSection(SolutionProperties) = preSolution
		HideSolutionNode = FALSE
	EndGlobalSection
	GlobalSection(ExtensibilityGlobals) = postSolution
		SolutionGuid = {898CC545-C60F-4867-A297-9DD7BE2B21C9}
	EndGlobalSection
EndGlobal
